// !$*UTF8*$!
{
	archiveVersion = 1;
	classes = {
	};
	objectVersion = 60;
	objects = {

/* Begin PBXBuildFile section */
		8E1B62DA2C4DF568000E5B00 /* Day1App.swift in Sources */ = {isa = PBXBuildFile; fileRef = 8E1B62D92C4DF568000E5B00 /* Day1App.swift */; };
		8E1B62DE2C4DF568000E5B00 /* AppModel.swift in Sources */ = {isa = PBXBuildFile; fileRef = 8E1B62DD2C4DF568000E5B00 /* AppModel.swift */; };
		8E1B62E42C4DF569000E5B00 /* Assets.xcassets in Resources */ = {isa = PBXBuildFile; fileRef = 8E1B62E32C4DF569000E5B00 /* Assets.xcassets */; };
		8E1B62E72C4DF569000E5B00 /* Preview Assets.xcassets in Resources */ = {isa = PBXBuildFile; fileRef = 8E1B62E62C4DF569000E5B00 /* Preview Assets.xcassets */; };
		8E1B62F82C4DF5D3000E5B00 /* ContentView.swift in Sources */ = {isa = PBXBuildFile; fileRef = 8E1B62F52C4DF5D3000E5B00 /* ContentView.swift */; };
		8E1B62F92C4DF5D3000E5B00 /* ImmersiveView.swift in Sources */ = {isa = PBXBuildFile; fileRef = 8E1B62F62C4DF5D3000E5B00 /* ImmersiveView.swift */; };
		8E1B62FA2C4DF5D3000E5B00 /* ImmersiveVewModel.swift in Sources */ = {isa = PBXBuildFile; fileRef = 8E1B62F32C4DF5D3000E5B00 /* ImmersiveVewModel.swift */; };
		8E1B62FB2C4DF5D3000E5B00 /* SIMD+.swift in Sources */ = {isa = PBXBuildFile; fileRef = 8E1B62F12C4DF5D3000E5B00 /* SIMD+.swift */; };
		8E1B62FC2C4DF5D3000E5B00 /* EnvironmentLightingFade.swift in Sources */ = {isa = PBXBuildFile; fileRef = 8E1B62EF2C4DF5D3000E5B00 /* EnvironmentLightingFade.swift */; };
		8E1B62FD2C4DF5D3000E5B00 /* Entity+Portal.swift in Sources */ = {isa = PBXBuildFile; fileRef = 8E1B62EE2C4DF5D3000E5B00 /* Entity+Portal.swift */; };
		8E1B63002C4DF620000E5B00 /* Studio in Frameworks */ = {isa = PBXBuildFile; productRef = 8E1B62FF2C4DF620000E5B00 /* Studio */; };
/* End PBXBuildFile section */

/* Begin PBXFileReference section */
		8E1B62D22C4DF568000E5B00 /* Day1.app */ = {isa = PBXFileReference; explicitFileType = wrapper.application; includeInIndex = 0; path = Day1.app; sourceTree = BUILT_PRODUCTS_DIR; };
		8E1B62D92C4DF568000E5B00 /* Day1App.swift */ = {isa = PBXFileReference; lastKnownFileType = sourcecode.swift; path = Day1App.swift; sourceTree = "<group>"; };
		8E1B62DD2C4DF568000E5B00 /* AppModel.swift */ = {isa = PBXFileReference; lastKnownFileType = sourcecode.swift; path = AppModel.swift; sourceTree = "<group>"; };
		8E1B62E32C4DF569000E5B00 /* Assets.xcassets */ = {isa = PBXFileReference; lastKnownFileType = folder.assetcatalog; path = Assets.xcassets; sourceTree = "<group>"; };
		8E1B62E62C4DF569000E5B00 /* Preview Assets.xcassets */ = {isa = PBXFileReference; lastKnownFileType = folder.assetcatalog; path = "Preview Assets.xcassets"; sourceTree = "<group>"; };
		8E1B62E82C4DF569000E5B00 /* Info.plist */ = {isa = PBXFileReference; lastKnownFileType = text.plist.xml; path = Info.plist; sourceTree = "<group>"; };
		8E1B62EE2C4DF5D3000E5B00 /* Entity+Portal.swift */ = {isa = PBXFileReference; lastKnownFileType = sourcecode.swift; path = "Entity+Portal.swift"; sourceTree = "<group>"; };
		8E1B62EF2C4DF5D3000E5B00 /* EnvironmentLightingFade.swift */ = {isa = PBXFileReference; lastKnownFileType = sourcecode.swift; path = EnvironmentLightingFade.swift; sourceTree = "<group>"; };
		8E1B62F12C4DF5D3000E5B00 /* SIMD+.swift */ = {isa = PBXFileReference; lastKnownFileType = sourcecode.swift; path = "SIMD+.swift"; sourceTree = "<group>"; };
		8E1B62F32C4DF5D3000E5B00 /* ImmersiveVewModel.swift */ = {isa = PBXFileReference; lastKnownFileType = sourcecode.swift; path = ImmersiveVewModel.swift; sourceTree = "<group>"; };
		8E1B62F52C4DF5D3000E5B00 /* ContentView.swift */ = {isa = PBXFileReference; lastKnownFileType = sourcecode.swift; path = ContentView.swift; sourceTree = "<group>"; };
		8E1B62F62C4DF5D3000E5B00 /* ImmersiveView.swift */ = {isa = PBXFileReference; lastKnownFileType = sourcecode.swift; path = ImmersiveView.swift; sourceTree = "<group>"; };
/* End PBXFileReference section */

/* Begin PBXFrameworksBuildPhase section */
		8E1B62CF2C4DF568000E5B00 /* Frameworks */ = {
			isa = PBXFrameworksBuildPhase;
			buildActionMask = 2147483647;
			files = (
				8E1B63002C4DF620000E5B00 /* Studio in Frameworks */,
			);
			runOnlyForDeploymentPostprocessing = 0;
		};
/* End PBXFrameworksBuildPhase section */

/* Begin PBXGroup section */
		8E1B62C92C4DF568000E5B00 = {
			isa = PBXGroup;
			children = (
				8E1B62D42C4DF568000E5B00 /* Day1 */,
				8E1B62D52C4DF568000E5B00 /* Packages */,
				8E1B62D32C4DF568000E5B00 /* Products */,
			);
			sourceTree = "<group>";
		};
		8E1B62D32C4DF568000E5B00 /* Products */ = {
			isa = PBXGroup;
			children = (
				8E1B62D22C4DF568000E5B00 /* Day1.app */,
			);
			name = Products;
			sourceTree = "<group>";
		};
		8E1B62D42C4DF568000E5B00 /* Day1 */ = {
			isa = PBXGroup;
			children = (
				8E1B62D92C4DF568000E5B00 /* Day1App.swift */,
				8E1B62DD2C4DF568000E5B00 /* AppModel.swift */,
				8E1B62F72C4DF5D3000E5B00 /* Views */,
				8E1B62F42C4DF5D3000E5B00 /* ViewModels */,
				8E1B62F02C4DF5D3000E5B00 /* ECS */,
				8E1B62F22C4DF5D3000E5B00 /* Utility */,
				8E1B62E32C4DF569000E5B00 /* Assets.xcassets */,
				8E1B62E82C4DF569000E5B00 /* Info.plist */,
				8E1B62E52C4DF569000E5B00 /* Preview Content */,
			);
			path = Day1;
			sourceTree = "<group>";
		};
		8E1B62D52C4DF568000E5B00 /* Packages */ = {
			isa = PBXGroup;
			children = (
			);
			path = Packages;
			sourceTree = "<group>";
		};
		8E1B62E52C4DF569000E5B00 /* Preview Content */ = {
			isa = PBXGroup;
			children = (
				8E1B62E62C4DF569000E5B00 /* Preview Assets.xcassets */,
			);
			path = "Preview Content";
			sourceTree = "<group>";
		};
		8E1B62F02C4DF5D3000E5B00 /* ECS */ = {
			isa = PBXGroup;
			children = (
				8E1B62EE2C4DF5D3000E5B00 /* Entity+Portal.swift */,
				8E1B62EF2C4DF5D3000E5B00 /* EnvironmentLightingFade.swift */,
			);
			path = ECS;
			sourceTree = "<group>";
		};
		8E1B62F22C4DF5D3000E5B00 /* Utility */ = {
			isa = PBXGroup;
			children = (
				8E1B62F12C4DF5D3000E5B00 /* SIMD+.swift */,
			);
			path = Utility;
			sourceTree = "<group>";
		};
		8E1B62F42C4DF5D3000E5B00 /* ViewModels */ = {
			isa = PBXGroup;
			children = (
				8E1B62F32C4DF5D3000E5B00 /* ImmersiveVewModel.swift */,
			);
			path = ViewModels;
			sourceTree = "<group>";
		};
		8E1B62F72C4DF5D3000E5B00 /* Views */ = {
			isa = PBXGroup;
			children = (
				8E1B62F52C4DF5D3000E5B00 /* ContentView.swift */,
				8E1B62F62C4DF5D3000E5B00 /* ImmersiveView.swift */,
			);
			path = Views;
			sourceTree = "<group>";
		};
/* End PBXGroup section */

/* Begin PBXNativeTarget section */
		8E1B62D12C4DF568000E5B00 /* Day1 */ = {
			isa = PBXNativeTarget;
			buildConfigurationList = 8E1B62EB2C4DF569000E5B00 /* Build configuration list for PBXNativeTarget "Day1" */;
			buildPhases = (
				8E1B62CE2C4DF568000E5B00 /* Sources */,
				8E1B62CF2C4DF568000E5B00 /* Frameworks */,
				8E1B62D02C4DF568000E5B00 /* Resources */,
			);
			buildRules = (
			);
			dependencies = (
			);
			name = Day1;
			packageProductDependencies = (
				8E1B62FF2C4DF620000E5B00 /* Studio */,
			);
			productName = Day1;
			productReference = 8E1B62D22C4DF568000E5B00 /* Day1.app */;
			productType = "com.apple.product-type.application";
		};
/* End PBXNativeTarget section */

/* Begin PBXProject section */
		8E1B62CA2C4DF568000E5B00 /* Project object */ = {
			isa = PBXProject;
			attributes = {
				BuildIndependentTargetsInParallel = 1;
				LastSwiftUpdateCheck = 1600;
				LastUpgradeCheck = 1600;
				TargetAttributes = {
					8E1B62D12C4DF568000E5B00 = {
						CreatedOnToolsVersion = 16.0;
					};
				};
			};
			buildConfigurationList = 8E1B62CD2C4DF568000E5B00 /* Build configuration list for PBXProject "Day1" */;
			compatibilityVersion = "Xcode 15.0";
			developmentRegion = en;
			hasScannedForEncodings = 0;
			knownRegions = (
				en,
				Base,
			);
			mainGroup = 8E1B62C92C4DF568000E5B00;
			packageReferences = (
				8E1B62FE2C4DF620000E5B00 /* XCLocalSwiftPackageReference "Packages/Studio" */,
			);
			productRefGroup = 8E1B62D32C4DF568000E5B00 /* Products */;
			projectDirPath = "";
			projectRoot = "";
			targets = (
				8E1B62D12C4DF568000E5B00 /* Day1 */,
			);
		};
/* End PBXProject section */

/* Begin PBXResourcesBuildPhase section */
		8E1B62D02C4DF568000E5B00 /* Resources */ = {
			isa = PBXResourcesBuildPhase;
			buildActionMask = 2147483647;
			files = (
				8E1B62E72C4DF569000E5B00 /* Preview Assets.xcassets in Resources */,
				8E1B62E42C4DF569000E5B00 /* Assets.xcassets in Resources */,
			);
			runOnlyForDeploymentPostprocessing = 0;
		};
/* End PBXResourcesBuildPhase section */

/* Begin PBXSourcesBuildPhase section */
		8E1B62CE2C4DF568000E5B00 /* Sources */ = {
			isa = PBXSourcesBuildPhase;
			buildActionMask = 2147483647;
			files = (
				8E1B62DE2C4DF568000E5B00 /* AppModel.swift in Sources */,
				8E1B62DA2C4DF568000E5B00 /* Day1App.swift in Sources */,
				8E1B62F82C4DF5D3000E5B00 /* ContentView.swift in Sources */,
				8E1B62F92C4DF5D3000E5B00 /* ImmersiveView.swift in Sources */,
				8E1B62FA2C4DF5D3000E5B00 /* ImmersiveVewModel.swift in Sources */,
				8E1B62FB2C4DF5D3000E5B00 /* SIMD+.swift in Sources */,
				8E1B62FC2C4DF5D3000E5B00 /* EnvironmentLightingFade.swift in Sources */,
				8E1B62FD2C4DF5D3000E5B00 /* Entity+Portal.swift in Sources */,
			);
			runOnlyForDeploymentPostprocessing = 0;
		};
/* End PBXSourcesBuildPhase section */

/* Begin XCBuildConfiguration section */
		8E1B62E92C4DF569000E5B00 /* Debug */ = {
			isa = XCBuildConfiguration;
			buildSettings = {
				ALWAYS_SEARCH_USER_PATHS = NO;
				ASSETCATALOG_COMPILER_GENERATE_SWIFT_ASSET_SYMBOL_EXTENSIONS = YES;
				CLANG_ANALYZER_NONNULL = YES;
				CLANG_ANALYZER_NUMBER_OBJECT_CONVERSION = YES_AGGRESSIVE;
				CLANG_CXX_LANGUAGE_STANDARD = "gnu++20";
				CLANG_ENABLE_MODULES = YES;
				CLANG_ENABLE_OBJC_ARC = YES;
				CLANG_ENABLE_OBJC_WEAK = YES;
				CLANG_WARN_BLOCK_CAPTURE_AUTORELEASING = YES;
				CLANG_WARN_BOOL_CONVERSION = YES;
				CLANG_WARN_COMMA = YES;
				CLANG_WARN_CONSTANT_CONVERSION = YES;
				CLANG_WARN_DEPRECATED_OBJC_IMPLEMENTATIONS = YES;
				CLANG_WARN_DIRECT_OBJC_ISA_USAGE = YES_ERROR;
				CLANG_WARN_DOCUMENTATION_COMMENTS = YES;
				CLANG_WARN_EMPTY_BODY = YES;
				CLANG_WARN_ENUM_CONVERSION = YES;
				CLANG_WARN_INFINITE_RECURSION = YES;
				CLANG_WARN_INT_CONVERSION = YES;
				CLANG_WARN_NON_LITERAL_NULL_CONVERSION = YES;
				CLANG_WARN_OBJC_IMPLICIT_RETAIN_SELF = YES;
				CLANG_WARN_OBJC_LITERAL_CONVERSION = YES;
				CLANG_WARN_OBJC_ROOT_CLASS = YES_ERROR;
				CLANG_WARN_QUOTED_INCLUDE_IN_FRAMEWORK_HEADER = YES;
				CLANG_WARN_RANGE_LOOP_ANALYSIS = YES;
				CLANG_WARN_STRICT_PROTOTYPES = YES;
				CLANG_WARN_SUSPICIOUS_MOVE = YES;
				CLANG_WARN_UNGUARDED_AVAILABILITY = YES_AGGRESSIVE;
				CLANG_WARN_UNREACHABLE_CODE = YES;
				CLANG_WARN__DUPLICATE_METHOD_MATCH = YES;
				COPY_PHASE_STRIP = NO;
				DEBUG_INFORMATION_FORMAT = dwarf;
				ENABLE_STRICT_OBJC_MSGSEND = YES;
				ENABLE_TESTABILITY = YES;
				ENABLE_USER_SCRIPT_SANDBOXING = YES;
				GCC_C_LANGUAGE_STANDARD = gnu17;
				GCC_DYNAMIC_NO_PIC = NO;
				GCC_NO_COMMON_BLOCKS = YES;
				GCC_OPTIMIZATION_LEVEL = 0;
				GCC_PREPROCESSOR_DEFINITIONS = (
					"DEBUG=1",
					"$(inherited)",
				);
				GCC_WARN_64_TO_32_BIT_CONVERSION = YES;
				GCC_WARN_ABOUT_RETURN_TYPE = YES_ERROR;
				GCC_WARN_UNDECLARED_SELECTOR = YES;
				GCC_WARN_UNINITIALIZED_AUTOS = YES_AGGRESSIVE;
				GCC_WARN_UNUSED_FUNCTION = YES;
				GCC_WARN_UNUSED_VARIABLE = YES;
				LOCALIZATION_PREFERS_STRING_CATALOGS = YES;
				MTL_ENABLE_DEBUG_INFO = INCLUDE_SOURCE;
				MTL_FAST_MATH = YES;
				ONLY_ACTIVE_ARCH = YES;
				SDKROOT = xros;
				SWIFT_ACTIVE_COMPILATION_CONDITIONS = "DEBUG $(inherited)";
				SWIFT_OPTIMIZATION_LEVEL = "-Onone";
				XROS_DEPLOYMENT_TARGET = 2.0;
			};
			name = Debug;
		};
		8E1B62EA2C4DF569000E5B00 /* Release */ = {
			isa = XCBuildConfiguration;
			buildSettings = {
				ALWAYS_SEARCH_USER_PATHS = NO;
				ASSETCATALOG_COMPILER_GENERATE_SWIFT_ASSET_SYMBOL_EXTENSIONS = YES;
				CLANG_ANALYZER_NONNULL = YES;
				CLANG_ANALYZER_NUMBER_OBJECT_CONVERSION = YES_AGGRESSIVE;
				CLANG_CXX_LANGUAGE_STANDARD = "gnu++20";
				CLANG_ENABLE_MODULES = YES;
				CLANG_ENABLE_OBJC_ARC = YES;
				CLANG_ENABLE_OBJC_WEAK = YES;
				CLANG_WARN_BLOCK_CAPTURE_AUTORELEASING = YES;
				CLANG_WARN_BOOL_CONVERSION = YES;
				CLANG_WARN_COMMA = YES;
				CLANG_WARN_CONSTANT_CONVERSION = YES;
				CLANG_WARN_DEPRECATED_OBJC_IMPLEMENTATIONS = YES;
				CLANG_WARN_DIRECT_OBJC_ISA_USAGE = YES_ERROR;
				CLANG_WARN_DOCUMENTATION_COMMENTS = YES;
				CLANG_WARN_EMPTY_BODY = YES;
				CLANG_WARN_ENUM_CONVERSION = YES;
				CLANG_WARN_INFINITE_RECURSION = YES;
				CLANG_WARN_INT_CONVERSION = YES;
				CLANG_WARN_NON_LITERAL_NULL_CONVERSION = YES;
				CLANG_WARN_OBJC_IMPLICIT_RETAIN_SELF = YES;
				CLANG_WARN_OBJC_LITERAL_CONVERSION = YES;
				CLANG_WARN_OBJC_ROOT_CLASS = YES_ERROR;
				CLANG_WARN_QUOTED_INCLUDE_IN_FRAMEWORK_HEADER = YES;
				CLANG_WARN_RANGE_LOOP_ANALYSIS = YES;
				CLANG_WARN_STRICT_PROTOTYPES = YES;
				CLANG_WARN_SUSPICIOUS_MOVE = YES;
				CLANG_WARN_UNGUARDED_AVAILABILITY = YES_AGGRESSIVE;
				CLANG_WARN_UNREACHABLE_CODE = YES;
				CLANG_WARN__DUPLICATE_METHOD_MATCH = YES;
				COPY_PHASE_STRIP = NO;
				DEBUG_INFORMATION_FORMAT = "dwarf-with-dsym";
				ENABLE_NS_ASSERTIONS = NO;
				ENABLE_STRICT_OBJC_MSGSEND = YES;
				ENABLE_USER_SCRIPT_SANDBOXING = YES;
				GCC_C_LANGUAGE_STANDARD = gnu17;
				GCC_NO_COMMON_BLOCKS = YES;
				GCC_WARN_64_TO_32_BIT_CONVERSION = YES;
				GCC_WARN_ABOUT_RETURN_TYPE = YES_ERROR;
				GCC_WARN_UNDECLARED_SELECTOR = YES;
				GCC_WARN_UNINITIALIZED_AUTOS = YES_AGGRESSIVE;
				GCC_WARN_UNUSED_FUNCTION = YES;
				GCC_WARN_UNUSED_VARIABLE = YES;
				LOCALIZATION_PREFERS_STRING_CATALOGS = YES;
				MTL_ENABLE_DEBUG_INFO = NO;
				MTL_FAST_MATH = YES;
				SDKROOT = xros;
				SWIFT_COMPILATION_MODE = wholemodule;
				VALIDATE_PRODUCT = YES;
				XROS_DEPLOYMENT_TARGET = 2.0;
			};
			name = Release;
		};
		8E1B62EC2C4DF569000E5B00 /* Debug */ = {
			isa = XCBuildConfiguration;
			buildSettings = {
				ASSETCATALOG_COMPILER_APPICON_NAME = AppIcon;
				ASSETCATALOG_COMPILER_GLOBAL_ACCENT_COLOR_NAME = AccentColor;
				CODE_SIGN_STYLE = Automatic;
				CURRENT_PROJECT_VERSION = 1;
				DEVELOPMENT_ASSET_PATHS = "\"Day1/Preview Content\"";
				DEVELOPMENT_TEAM = 247V527KAQ;
				ENABLE_PREVIEWS = YES;
				GENERATE_INFOPLIST_FILE = YES;
				INFOPLIST_FILE = "$(TARGET_NAME)/Info.plist";
				LD_RUNPATH_SEARCH_PATHS = (
					"$(inherited)",
					"@executable_path/Frameworks",
				);
				MARKETING_VERSION = 1.0;
				PRODUCT_BUNDLE_IDENTIFIER = tokyo.shmdevelopment.Day1;
				PRODUCT_NAME = "$(TARGET_NAME)";
				SUPPORTED_PLATFORMS = "xros xrsimulator";
				SWIFT_EMIT_LOC_STRINGS = YES;
				SWIFT_VERSION = 5.0;
				TARGETED_DEVICE_FAMILY = 7;
			};
			name = Debug;
		};
		8E1B62ED2C4DF569000E5B00 /* Release */ = {
			isa = XCBuildConfiguration;
			buildSettings = {
				ASSETCATALOG_COMPILER_APPICON_NAME = AppIcon;
				ASSETCATALOG_COMPILER_GLOBAL_ACCENT_COLOR_NAME = AccentColor;
				CODE_SIGN_STYLE = Automatic;
				CURRENT_PROJECT_VERSION = 1;
				DEVELOPMENT_ASSET_PATHS = "\"Day1/Preview Content\"";
				DEVELOPMENT_TEAM = 247V527KAQ;
				ENABLE_PREVIEWS = YES;
				GENERATE_INFOPLIST_FILE = YES;
				INFOPLIST_FILE = "$(TARGET_NAME)/Info.plist";
				LD_RUNPATH_SEARCH_PATHS = (
					"$(inherited)",
					"@executable_path/Frameworks",
				);
				MARKETING_VERSION = 1.0;
				PRODUCT_BUNDLE_IDENTIFIER = tokyo.shmdevelopment.Day1;
				PRODUCT_NAME = "$(TARGET_NAME)";
				SUPPORTED_PLATFORMS = "xros xrsimulator";
				SWIFT_EMIT_LOC_STRINGS = YES;
				SWIFT_VERSION = 5.0;
				TARGETED_DEVICE_FAMILY = 7;
			};
			name = Release;
		};
/* End XCBuildConfiguration section */

/* Begin XCConfigurationList section */
		8E1B62CD2C4DF568000E5B00 /* Build configuration list for PBXProject "Day1" */ = {
			isa = XCConfigurationList;
			buildConfigurations = (
				8E1B62E92C4DF569000E5B00 /* Debug */,
				8E1B62EA2C4DF569000E5B00 /* Release */,
			);
			defaultConfigurationIsVisible = 0;
			defaultConfigurationName = Release;
		};
		8E1B62EB2C4DF569000E5B00 /* Build configuration list for PBXNativeTarget "Day1" */ = {
			isa = XCConfigurationList;
			buildConfigurations = (
				8E1B62EC2C4DF569000E5B00 /* Debug */,
				8E1B62ED2C4DF569000E5B00 /* Release */,
			);
			defaultConfigurationIsVisible = 0;
			defaultConfigurationName = Release;
		};
/* End XCConfigurationList section */

/* Begin XCLocalSwiftPackageReference section */
		8E1B62FE2C4DF620000E5B00 /* XCLocalSwiftPackageReference "Packages/Studio" */ = {
			isa = XCLocalSwiftPackageReference;
			relativePath = Packages/Studio;
		};
/* End XCLocalSwiftPackageReference section */

/* Begin XCSwiftPackageProductDependency section */
		8E1B62FF2C4DF620000E5B00 /* Studio */ = {
			isa = XCSwiftPackageProductDependency;
			productName = Studio;
		};
/* End XCSwiftPackageProductDependency section */
	};
	rootObject = 8E1B62CA2C4DF568000E5B00 /* Project object */;
}
